{
  "nodes": {
    "nixpkgs": {
      "locked": {
        "lastModified": 1724531694,
        "narHash": "sha256-2KtVrLhc/tLPc44hemMWGPMpBm+s23Iqsb/zJk3LYEE=",
        "owner": "NixOS",
        "repo": "nixpkgs",
        "rev": "c93c459eb7f579c326e6d380d7914a57b760616b",
        "type": "github"
      },
      "original": {
        "owner": "NixOS",
        "repo": "nixpkgs",
        "type": "github"
      }
    },
    "root": {
      "inputs": {
        "nixpkgs": "nixpkgs"
      }
    }
  },
  "root": "root",
  "version": 7
}
